
Microsoft Visual Studio Solution File, Format Version 12.00
# Visual Studio Version 16
VisualStudioVersion = 16.0.29006.145
MinimumVisualStudioVersion = 10.0.40219.1
Project("{9A19103F-16F7-4668-BE54-9A1E7A4F7556}") = "BlazorClient", "BlazorClient\BlazorClient.csproj", "{33D66CA1-38DC-4C9F-BFAF-FCA3008E4C3E}"
EndProject
Project("{9A19103F-16F7-4668-BE54-9A1E7A4F7556}") = "BlazorApi", "BlazorApi\BlazorApi.csproj", "{3A465BC5-D157-49E5-AC5A-AA84A665CF49}"
EndProject
Project("{FAE04EC0-301F-11D3-BF4B-00C04F79EFBC}") = "BlazorShared", "BlazorShared\BlazorShared.csproj", "{E9431A9D-DED3-401C-BDE6-1EFCE62750B9}"
EndProject
Global
	GlobalSection(SolutionConfigurationPlatforms) = preSolution
		Debug|Any CPU = Debug|Any CPU
		Release|Any CPU = Release|Any CPU
	EndGlobalSection
	GlobalSection(ProjectConfigurationPlatforms) = postSolution
		{33D66CA1-38DC-4C9F-BFAF-FCA3008E4C3E}.Debug|Any CPU.ActiveCfg = Debug|Any CPU
		{33D66CA1-38DC-4C9F-BFAF-FCA3008E4C3E}.Debug|Any CPU.Build.0 = Debug|Any CPU
		{33D66CA1-38DC-4C9F-BFAF-FCA3008E4C3E}.Release|Any CPU.ActiveCfg = Release|Any CPU
		{33D66CA1-38DC-4C9F-BFAF-FCA3008E4C3E}.Release|Any CPU.Build.0 = Release|Any CPU
		{3A465BC5-D157-49E5-AC5A-AA84A665CF49}.Debug|Any CPU.ActiveCfg = Debug|Any CPU
		{3A465BC5-D157-49E5-AC5A-AA84A665CF49}.Debug|Any CPU.Build.0 = Debug|Any CPU
		{3A465BC5-D157-49E5-AC5A-AA84A665CF49}.Release|Any CPU.ActiveCfg = Release|Any CPU
		{3A465BC5-D157-49E5-AC5A-AA84A665CF49}.Release|Any CPU.Build.0 = Release|Any CPU
		{E9431A9D-DED3-401C-BDE6-1EFCE62750B9}.Debug|Any CPU.ActiveCfg = Debug|Any CPU
		{E9431A9D-DED3-401C-BDE6-1EFCE62750B9}.Debug|Any CPU.Build.0 = Debug|Any CPU
		{E9431A9D-DED3-401C-BDE6-1EFCE62750B9}.Release|Any CPU.ActiveCfg = Release|Any CPU
		{E9431A9D-DED3-401C-BDE6-1EFCE62750B9}.Release|Any CPU.Build.0 = Release|Any CPU
	EndGlobalSection
	GlobalSection(SolutionProperties) = preSolution
		HideSolutionNode = FALSE
	EndGlobalSection
	GlobalSection(ExtensibilityGlobals) = postSolution
		SolutionGuid = {A80512B5-A9C7-48C9-9844-E1F112B13065}
	EndGlobalSection
EndGlobal
